
Microsoft Visual Studio Solution File, Format Version 12.00
# Visual Studio Version 17
VisualStudioVersion = 17.0.32112.339
MinimumVisualStudioVersion = 10.0.40219.1
Project("{FAE04EC0-301F-11D3-BF4B-00C04F79EFBC}") = "Arrays", "Arrays.csproj", "{57E6FDE8-D6B2-4BC1-A925-5257151FDC71}"
EndProject
Project("{FAE04EC0-301F-11D3-BF4B-00C04F79EFBC}") = "JaggedArrayDemo", "..\JaggedArrayDemo\JaggedArrayDemo.csproj", "{4EBF6C34-7D3F-4A53-94CE-CA6857296A49}"
EndProject
Global
	GlobalSection(SolutionConfigurationPlatforms) = preSolution
		Debug|Any CPU = Debug|Any CPU
		Release|Any CPU = Release|Any CPU
	EndGlobalSection
	GlobalSection(ProjectConfigurationPlatforms) = postSolution
		{57E6FDE8-D6B2-4BC1-A925-5257151FDC71}.Debug|Any CPU.ActiveCfg = Debug|Any CPU
		{57E6FDE8-D6B2-4BC1-A925-5257151FDC71}.Debug|Any CPU.Build.0 = Debug|Any CPU
		{57E6FDE8-D6B2-4BC1-A925-5257151FDC71}.Release|Any CPU.ActiveCfg = Release|Any CPU
		{57E6FDE8-D6B2-4BC1-A925-5257151FDC71}.Release|Any CPU.Build.0 = Release|Any CPU
		{4EBF6C34-7D3F-4A53-94CE-CA6857296A49}.Debug|Any CPU.ActiveCfg = Debug|Any CPU
		{4EBF6C34-7D3F-4A53-94CE-CA6857296A49}.Debug|Any CPU.Build.0 = Debug|Any CPU
		{4EBF6C34-7D3F-4A53-94CE-CA6857296A49}.Release|Any CPU.ActiveCfg = Release|Any CPU
		{4EBF6C34-7D3F-4A53-94CE-CA6857296A49}.Release|Any CPU.Build.0 = Release|Any CPU
	EndGlobalSection
	GlobalSection(SolutionProperties) = preSolution
		HideSolutionNode = FALSE
	EndGlobalSection
	GlobalSection(ExtensibilityGlobals) = postSolution
		SolutionGuid = {1B89C391-E868-4862-8644-698CCFEAE6D2}
	EndGlobalSection
EndGlobal
